{
  "originHash" : "0f46b0ed6b5710a12eed7740615490e3270f7e8b77ca543811ee43034e193ddd",
  "pins" : [
    {
      "identity" : "agentic",
      "kind" : "remoteSourceControl",
      "location" : "https://github.com/leviouwendijk/Agentic.git",
      "state" : {
        "branch" : "master",
        "revision" : "05992e285cd10e0304ce38d39ebd2bf9a7d482cb"
      }
    },
    {
      "identity" : "dsl",
      "kind" : "remoteSourceControl",
      "location" : "https://github.com/leviouwendijk/DSL.git",
      "state" : {
        "branch" : "master",
        "revision" : "9efff74e61ff3679fce19f3cbf6df09c3bc23691"
      }
    },
    {
      "identity" : "guidelines",
      "kind" : "remoteSourceControl",
      "location" : "https://github.com/leviouwendijk/Guidelines.git",
      "state" : {
        "branch" : "master",
        "revision" : "0a5bd3f30af7eaeb79c0ac37007f10322920f95a"
      }
    },
    {
      "identity" : "primitives",
      "kind" : "remoteSourceControl",
      "location" : "https://github.com/leviouwendijk/Primitives.git",
      "state" : {
        "branch" : "master",
        "revision" : "3b9e65785ecb8aa493c55893f61619b6967ce10d"
      }
    }
  ],
  "version" : 3
}
