{
  "originHash" : "0f46b0ed6b5710a12eed7740615490e3270f7e8b77ca543811ee43034e193ddd",
  "pins" : [
    {
      "identity" : "agentic",
      "kind" : "remoteSourceControl",
      "location" : "https://github.com/leviouwendijk/Agentic.git",
      "state" : {
        "branch" : "master",
        "revision" : "d64309448523eae37b63de4fc5120154410dd026"
      }
    },
    {
      "identity" : "dsl",
      "kind" : "remoteSourceControl",
      "location" : "https://github.com/leviouwendijk/DSL.git",
      "state" : {
        "branch" : "master",
        "revision" : "9efff74e61ff3679fce19f3cbf6df09c3bc23691"
      }
    },
    {
      "identity" : "guidelines",
      "kind" : "remoteSourceControl",
      "location" : "https://github.com/leviouwendijk/Guidelines.git",
      "state" : {
        "branch" : "master",
        "revision" : "0a5bd3f30af7eaeb79c0ac37007f10322920f95a"
      }
    },
    {
      "identity" : "primitives",
      "kind" : "remoteSourceControl",
      "location" : "https://github.com/leviouwendijk/Primitives.git",
      "state" : {
        "branch" : "master",
        "revision" : "7b53326bba4229c0b8c62529dfe0934f6ddedf6c"
      }
    }
  ],
  "version" : 3
}
